
Microsoft Visual Studio Solution File, Format Version 11.00
# Visual Studio 2010
Project("{8BC9CEB8-8B4A-11D0-8D11-00A0C91BC942}") = "NewWindow", "NewWindow\NewWindow.vcxproj", "{7A865D89-1C4F-4659-925B-10AC35540CA1}"
EndProject
Project("{8BC9CEB8-8B4A-11D0-8D11-00A0C91BC942}") = "ZisyncService", "ZisyncService\ZisyncService.vcxproj", "{0121F86F-1141-418E-A171-A12111DF22C0}"
EndProject
Global
	GlobalSection(SolutionConfigurationPlatforms) = preSolution
		Debug|Win32 = Debug|Win32
		Release|Win32 = Release|Win32
	EndGlobalSection
	GlobalSection(ProjectConfigurationPlatforms) = postSolution
		{7A865D89-1C4F-4659-925B-10AC35540CA1}.Debug|Win32.ActiveCfg = Debug|Win32
		{7A865D89-1C4F-4659-925B-10AC35540CA1}.Debug|Win32.Build.0 = Debug|Win32
		{7A865D89-1C4F-4659-925B-10AC35540CA1}.Release|Win32.ActiveCfg = Release|Win32
		{7A865D89-1C4F-4659-925B-10AC35540CA1}.Release|Win32.Build.0 = Release|Win32
		{0121F86F-1141-418E-A171-A12111DF22C0}.Debug|Win32.ActiveCfg = Debug|Win32
		{0121F86F-1141-418E-A171-A12111DF22C0}.Debug|Win32.Build.0 = Debug|Win32
		{0121F86F-1141-418E-A171-A12111DF22C0}.Release|Win32.ActiveCfg = Release|Win32
		{0121F86F-1141-418E-A171-A12111DF22C0}.Release|Win32.Build.0 = Release|Win32
	EndGlobalSection
	GlobalSection(SolutionProperties) = preSolution
		HideSolutionNode = FALSE
	EndGlobalSection
EndGlobal
