<?xml version="1.0" encoding="utf-8"?>
<Project ToolsVersion="4.0" xmlns="http://schemas.microsoft.com/developer/msbuild/2003">
  <ItemGroup>
    <Filter Include="Source Files">
      <UniqueIdentifier>{4FC737F1-C7A5-4376-A066-2A32D752A2FF}</UniqueIdentifier>
      <Extensions>cpp;c;cc;cxx;def;odl;idl;hpj;bat;asm;asmx</Extensions>
    </Filter>
    <Filter Include="Header Files">
      <UniqueIdentifier>{93995380-89BD-4b04-88EB-625FBE52EBFB}</UniqueIdentifier>
      <Extensions>h;hpp;hxx;hm;inl;inc;xsd</Extensions>
    </Filter>
    <Filter Include="Resource Files">
      <UniqueIdentifier>{67DA6AB6-F800-4c08-8B7A-83BB121AAD01}</UniqueIdentifier>
      <Extensions>rc;ico;cur;bmp;dlg;rc2;rct;bin;rgs;gif;jpg;jpeg;jpe;resx;tiff;tif;png;wav;mfcribbon-ms</Extensions>
    </Filter>
    <Filter Include="UI">
      <UniqueIdentifier>{d797ef7d-5f83-4f78-b451-d908d1fefaac}</UniqueIdentifier>
    </Filter>
  </ItemGroup>
  <ItemGroup>
    <None Include="ReadMe.txt" />
    <None Include="res\Music.rc2">
      <Filter>Resource Files</Filter>
    </None>
    <None Include="res\Music.ico">
      <Filter>Resource Files</Filter>
    </None>
    <None Include="res\back1.jpg">
      <Filter>Resource Files</Filter>
    </None>
    <None Include="res\bitmap1.bmp">
      <Filter>Resource Files</Filter>
    </None>
    <None Include="res\back.jpg">
      <Filter>Resource Files</Filter>
    </None>
    <None Include="res\ground.bmp">
      <Filter>Resource Files</Filter>
    </None>
    <None Include="res\bitmap.BMP">
      <Filter>Resource Files</Filter>
    </None>
    <None Include="res\image1.bin">
      <Filter>Resource Files</Filter>
    </None>
    <None Include="res\close.png">
      <Filter>Resource Files</Filter>
    </None>
    <None Include="res\minimize.png">
      <Filter>Resource Files</Filter>
    </None>
    <None Include="res\minimode.png">
      <Filter>Resource Files</Filter>
    </None>
    <None Include="res\prev_mini.png">
      <Filter>Resource Files</Filter>
    </None>
    <None Include="res\play_mini.png">
      <Filter>Resource Files</Filter>
    </None>
    <None Include="res\pause_mini.png">
      <Filter>Resource Files</Filter>
    </None>
    <None Include="res\next_mini.png">
      <Filter>Resource Files</Filter>
    </None>
    <None Include="res\SKIN_WND_CLOSE.bmp">
      <Filter>Resource Files</Filter>
    </None>
  </ItemGroup>
  <ItemGroup>
    <ClInclude Include="Music.h">
      <Filter>Header Files</Filter>
    </ClInclude>
    <ClInclude Include="MusicDlg.h">
      <Filter>Header Files</Filter>
    </ClInclude>
    <ClInclude Include="stdafx.h">
      <Filter>Header Files</Filter>
    </ClInclude>
    <ClInclude Include="targetver.h">
      <Filter>Header Files</Filter>
    </ClInclude>
    <ClInclude Include="Resource.h">
      <Filter>Header Files</Filter>
    </ClInclude>
    <ClInclude Include="MyDialog.h">
      <Filter>Header Files</Filter>
    </ClInclude>
    <ClInclude Include="MyImage.h">
      <Filter>Header Files</Filter>
    </ClInclude>
    <ClInclude Include="MyImageEx.h">
      <Filter>Header Files</Filter>
    </ClInclude>
    <ClInclude Include="MyListBox.h">
      <Filter>Header Files</Filter>
    </ClInclude>
    <ClInclude Include="MyButton.h">
      <Filter>Header Files</Filter>
    </ClInclude>
    <ClInclude Include="MyButtonEx.h">
      <Filter>Header Files</Filter>
    </ClInclude>
    <ClInclude Include="MemoryDC.h">
      <Filter>Header Files</Filter>
    </ClInclude>
    <ClInclude Include="RenderManager.h">
      <Filter>Header Files</Filter>
    </ClInclude>
    <ClInclude Include="MyDialogBase.h">
      <Filter>Header Files</Filter>
    </ClInclude>
  </ItemGroup>
  <ItemGroup>
    <ClCompile Include="Music.cpp">
      <Filter>Source Files</Filter>
    </ClCompile>
    <ClCompile Include="MusicDlg.cpp">
      <Filter>Source Files</Filter>
    </ClCompile>
    <ClCompile Include="stdafx.cpp">
      <Filter>Source Files</Filter>
    </ClCompile>
    <ClCompile Include="MyDialog.cpp">
      <Filter>Source Files</Filter>
    </ClCompile>
    <ClCompile Include="MyImage.cpp">
      <Filter>Source Files</Filter>
    </ClCompile>
    <ClCompile Include="MyButton.cpp">
      <Filter>Source Files</Filter>
    </ClCompile>
    <ClCompile Include="MyImageEx.cpp">
      <Filter>Source Files</Filter>
    </ClCompile>
    <ClCompile Include="MyListBox.cpp">
      <Filter>Source Files</Filter>
    </ClCompile>
    <ClCompile Include="MyButtonEx.cpp">
      <Filter>Source Files</Filter>
    </ClCompile>
    <ClCompile Include="MemoryDC.cpp">
      <Filter>Source Files</Filter>
    </ClCompile>
    <ClCompile Include="RenderManager.cpp">
      <Filter>Source Files</Filter>
    </ClCompile>
    <ClCompile Include="MyDialogBase.cpp">
      <Filter>Source Files</Filter>
    </ClCompile>
  </ItemGroup>
  <ItemGroup>
    <ResourceCompile Include="Music.rc">
      <Filter>Resource Files</Filter>
    </ResourceCompile>
  </ItemGroup>
</Project>